
Microsoft Visual Studio Solution File, Format Version 12.00
# Visual Studio Version 17
VisualStudioVersion = 17.3.32825.248
MinimumVisualStudioVersion = 10.0.40219.1
Project("{9A19103F-16F7-4668-BE54-9A1E7A4F7556}") = "INVESTMENT_APP", "INVESTMENT_APP.csproj", "{C0D1AD95-FAFC-40E6-8378-6DAF834CB497}"
EndProject
Global
	GlobalSection(SolutionConfigurationPlatforms) = preSolution
		Debug|Any CPU = Debug|Any CPU
		Release|Any CPU = Release|Any CPU
	EndGlobalSection
	GlobalSection(ProjectConfigurationPlatforms) = postSolution
		{C0D1AD95-FAFC-40E6-8378-6DAF834CB497}.Debug|Any CPU.ActiveCfg = Debug|Any CPU
		{C0D1AD95-FAFC-40E6-8378-6DAF834CB497}.Debug|Any CPU.Build.0 = Debug|Any CPU
		{C0D1AD95-FAFC-40E6-8378-6DAF834CB497}.Release|Any CPU.ActiveCfg = Release|Any CPU
		{C0D1AD95-FAFC-40E6-8378-6DAF834CB497}.Release|Any CPU.Build.0 = Release|Any CPU
	EndGlobalSection
	GlobalSection(SolutionProperties) = preSolution
		HideSolutionNode = FALSE
	EndGlobalSection
	GlobalSection(ExtensibilityGlobals) = postSolution
		SolutionGuid = {CB271E1A-E680-45DB-8740-578C071E62F6}
	EndGlobalSection
EndGlobal
